
Microsoft Visual Studio Solution File, Format Version 12.00
# Visual Studio Version 16
VisualStudioVersion = 16.0.32106.194
MinimumVisualStudioVersion = 10.0.40219.1
Project("{2150E333-8FDC-42A3-9474-1A3956D46DE8}") = "1.ViewLayer", "1.ViewLayer", "{3258194E-B4F5-495F-B2A7-94841A7ECE7C}"
EndProject
Project("{2150E333-8FDC-42A3-9474-1A3956D46DE8}") = "3.DataAccessLayer", "3.DataAccessLayer", "{42AB00CD-4748-48D7-A21D-8EAD2BD69A46}"
EndProject
Project("{FAE04EC0-301F-11D3-BF4B-00C04F79EFBC}") = "DAL", "DAL\DAL.csproj", "{421AC9BA-C353-471A-A493-FA475566F33E}"
EndProject
Project("{FAE04EC0-301F-11D3-BF4B-00C04F79EFBC}") = "PV_Dev", "PV_Dev\PV_Dev.csproj", "{83CACA57-4D58-4396-B617-11AE98D262CF}"
EndProject
Project("{2150E333-8FDC-42A3-9474-1A3956D46DE8}") = "2.BussinessModelLayer", "2.BussinessModelLayer", "{F405D9C5-3B72-4B55-B438-36C51C9A6CF9}"
EndProject
Project("{FAE04EC0-301F-11D3-BF4B-00C04F79EFBC}") = "BML", "BML\BML.csproj", "{B1E8D779-B880-4DAA-A1BA-C132525AD91F}"
EndProject
Global
	GlobalSection(SolutionConfigurationPlatforms) = preSolution
		Debug|Any CPU = Debug|Any CPU
		Release|Any CPU = Release|Any CPU
	EndGlobalSection
	GlobalSection(ProjectConfigurationPlatforms) = postSolution
		{421AC9BA-C353-471A-A493-FA475566F33E}.Debug|Any CPU.ActiveCfg = Debug|Any CPU
		{421AC9BA-C353-471A-A493-FA475566F33E}.Debug|Any CPU.Build.0 = Debug|Any CPU
		{421AC9BA-C353-471A-A493-FA475566F33E}.Release|Any CPU.ActiveCfg = Release|Any CPU
		{421AC9BA-C353-471A-A493-FA475566F33E}.Release|Any CPU.Build.0 = Release|Any CPU
		{83CACA57-4D58-4396-B617-11AE98D262CF}.Debug|Any CPU.ActiveCfg = Debug|Any CPU
		{83CACA57-4D58-4396-B617-11AE98D262CF}.Debug|Any CPU.Build.0 = Debug|Any CPU
		{83CACA57-4D58-4396-B617-11AE98D262CF}.Release|Any CPU.ActiveCfg = Release|Any CPU
		{83CACA57-4D58-4396-B617-11AE98D262CF}.Release|Any CPU.Build.0 = Release|Any CPU
		{B1E8D779-B880-4DAA-A1BA-C132525AD91F}.Debug|Any CPU.ActiveCfg = Debug|Any CPU
		{B1E8D779-B880-4DAA-A1BA-C132525AD91F}.Debug|Any CPU.Build.0 = Debug|Any CPU
		{B1E8D779-B880-4DAA-A1BA-C132525AD91F}.Release|Any CPU.ActiveCfg = Release|Any CPU
		{B1E8D779-B880-4DAA-A1BA-C132525AD91F}.Release|Any CPU.Build.0 = Release|Any CPU
	EndGlobalSection
	GlobalSection(SolutionProperties) = preSolution
		HideSolutionNode = FALSE
	EndGlobalSection
	GlobalSection(NestedProjects) = preSolution
		{421AC9BA-C353-471A-A493-FA475566F33E} = {42AB00CD-4748-48D7-A21D-8EAD2BD69A46}
		{83CACA57-4D58-4396-B617-11AE98D262CF} = {3258194E-B4F5-495F-B2A7-94841A7ECE7C}
		{B1E8D779-B880-4DAA-A1BA-C132525AD91F} = {F405D9C5-3B72-4B55-B438-36C51C9A6CF9}
	EndGlobalSection
	GlobalSection(ExtensibilityGlobals) = postSolution
		SolutionGuid = {D23290B2-00C3-40AD-A3DD-58372B591C28}
	EndGlobalSection
EndGlobal
